// !$*UTF8*$!
{
	archiveVersion = 1;
	classes = {
	};
	objectVersion = 77;
	objects = {

/* Begin PBXBuildFile section */
		4AA528B72ED6D75500CAD0E1 /* Tuna in Frameworks */ = {isa = PBXBuildFile; productRef = 4AA528B62ED6D75500CAD0E1 /* Tuna */; };
		4AA528BA2ED6D75500CAD0E2 /* Inject in Frameworks */ = {isa = PBXBuildFile; productRef = 4AA528B92ED6D75500CAD0E2 /* Inject */; };
		4B1000032FE0AA0000000000 /* ClaveoRecordingActivityWidget.appex in Embed Foundation Extensions */ = {isa = PBXBuildFile; fileRef = 4B1000012FE0AA0000000000 /* ClaveoRecordingActivityWidget.appex */; settings = {ATTRIBUTES = (RemoveHeadersOnCopy, ); }; };
		4CC728C12ED6D75500CAD0E1 /* VexFoundation in Frameworks */ = {isa = PBXBuildFile; productRef = 4CC728C22ED6D75500CAD0E1 /* VexFoundation */; };
/* End PBXBuildFile section */

/* Begin PBXContainerItemProxy section */
		4B10000C2FE0AA0000000000 /* PBXContainerItemProxy */ = {
			isa = PBXContainerItemProxy;
			containerPortal = 4AA78F952ED028BF009BDB04 /* Project object */;
			proxyType = 1;
			remoteGlobalIDString = 4B1000072FE0AA0000000000;
			remoteInfo = ClaveoRecordingActivityWidget;
		};
		4D20000A2FF0000000000000 /* PBXContainerItemProxy */ = {
			isa = PBXContainerItemProxy;
			containerPortal = 4AA78F952ED028BF009BDB04 /* Project object */;
			proxyType = 1;
			remoteGlobalIDString = 4AA78F9C2ED028BF009BDB04;
			remoteInfo = Claveo;
		};
/* End PBXContainerItemProxy section */

/* Begin PBXCopyFilesBuildPhase section */
		4B10000B2FE0AA0000000000 /* Embed Foundation Extensions */ = {
			isa = PBXCopyFilesBuildPhase;
			buildActionMask = 2147483647;
			dstPath = "";
			dstSubfolderSpec = 13;
			files = (
				4B1000032FE0AA0000000000 /* ClaveoRecordingActivityWidget.appex in Embed Foundation Extensions */,
			);
			name = "Embed Foundation Extensions";
			runOnlyForDeploymentPostprocessing = 0;
		};
/* End PBXCopyFilesBuildPhase section */

/* Begin PBXFileReference section */
		4AA78F9D2ED028BF009BDB04 /* Claveo.app */ = {isa = PBXFileReference; explicitFileType = wrapper.application; includeInIndex = 0; path = Claveo.app; sourceTree = BUILT_PRODUCTS_DIR; };
		4B1000012FE0AA0000000000 /* ClaveoRecordingActivityWidget.appex */ = {isa = PBXFileReference; explicitFileType = "wrapper.app-extension"; includeInIndex = 0; path = ClaveoRecordingActivityWidget.appex; sourceTree = BUILT_PRODUCTS_DIR; };
		4D2000012FF0000000000000 /* ClaveoTests.xctest */ = {isa = PBXFileReference; explicitFileType = wrapper.cfbundle; includeInIndex = 0; path = ClaveoTests.xctest; sourceTree = BUILT_PRODUCTS_DIR; };
/* End PBXFileReference section */

/* Begin PBXFileSystemSynchronizedBuildFileExceptionSet section */
		4A917C682FC0F9F0007C1A24 /* Exceptions for "Claveo" folder in "Claveo" target */ = {
			isa = PBXFileSystemSynchronizedBuildFileExceptionSet;
			membershipExceptions = (
				Info.plist,
			);
			target = 4AA78F9C2ED028BF009BDB04 /* Claveo */;
		};
/* End PBXFileSystemSynchronizedBuildFileExceptionSet section */

/* Begin PBXFileSystemSynchronizedRootGroup section */
		4AA78F9F2ED028BF009BDB04 /* Claveo */ = {
			isa = PBXFileSystemSynchronizedRootGroup;
			exceptions = (
				4A917C682FC0F9F0007C1A24 /* Exceptions for "Claveo" folder in "Claveo" target */,
			);
			path = Claveo;
			sourceTree = "<group>";
		};
		4B1000022FE0AA0000000000 /* ClaveoRecordingActivityWidget */ = {
			isa = PBXFileSystemSynchronizedRootGroup;
			path = ClaveoRecordingActivityWidget;
			sourceTree = "<group>";
		};
		4D2000022FF0000000000000 /* ClaveoTests */ = {
			isa = PBXFileSystemSynchronizedRootGroup;
			path = ClaveoTests;
			sourceTree = "<group>";
		};
/* End PBXFileSystemSynchronizedRootGroup section */

/* Begin PBXFrameworksBuildPhase section */
		4AA78F9A2ED028BF009BDB04 /* Frameworks */ = {
			isa = PBXFrameworksBuildPhase;
			buildActionMask = 2147483647;
			files = (
				4AA528B72ED6D75500CAD0E1 /* Tuna in Frameworks */,
				4AA528BA2ED6D75500CAD0E2 /* Inject in Frameworks */,
				4CC728C12ED6D75500CAD0E1 /* VexFoundation in Frameworks */,
			);
			runOnlyForDeploymentPostprocessing = 0;
		};
		4B1000042FE0AA0000000000 /* Frameworks */ = {
			isa = PBXFrameworksBuildPhase;
			buildActionMask = 2147483647;
			files = (
			);
			runOnlyForDeploymentPostprocessing = 0;
		};
		4D2000042FF0000000000000 /* Frameworks */ = {
			isa = PBXFrameworksBuildPhase;
			buildActionMask = 2147483647;
			files = (
			);
			runOnlyForDeploymentPostprocessing = 0;
		};
/* End PBXFrameworksBuildPhase section */

/* Begin PBXGroup section */
		4AA78F942ED028BF009BDB04 = {
			isa = PBXGroup;
			children = (
				4AA78F9F2ED028BF009BDB04 /* Claveo */,
				4B1000022FE0AA0000000000 /* ClaveoRecordingActivityWidget */,
				4D2000022FF0000000000000 /* ClaveoTests */,
				4AA78F9E2ED028BF009BDB04 /* Products */,
			);
			sourceTree = "<group>";
		};
		4AA78F9E2ED028BF009BDB04 /* Products */ = {
			isa = PBXGroup;
			children = (
				4AA78F9D2ED028BF009BDB04 /* Claveo.app */,
				4B1000012FE0AA0000000000 /* ClaveoRecordingActivityWidget.appex */,
				4D2000012FF0000000000000 /* ClaveoTests.xctest */,
			);
			name = Products;
			sourceTree = "<group>";
		};
/* End PBXGroup section */

/* Begin PBXNativeTarget section */
		4AA78F9C2ED028BF009BDB04 /* Claveo */ = {
			isa = PBXNativeTarget;
			buildConfigurationList = 4AA78FA82ED028C0009BDB04 /* Build configuration list for PBXNativeTarget "Claveo" */;
			buildPhases = (
				4AA78F992ED028BF009BDB04 /* Sources */,
				4AA78F9A2ED028BF009BDB04 /* Frameworks */,
				4AA78F9B2ED028BF009BDB04 /* Resources */,
				4B10000B2FE0AA0000000000 /* Embed Foundation Extensions */,
			);
			buildRules = (
			);
			dependencies = (
				4B10000D2FE0AA0000000000 /* PBXTargetDependency */,
			);
			fileSystemSynchronizedGroups = (
				4AA78F9F2ED028BF009BDB04 /* Claveo */,
			);
			name = Claveo;
			packageProductDependencies = (
				4AA528B62ED6D75500CAD0E1 /* Tuna */,
				4AA528B92ED6D75500CAD0E2 /* Inject */,
				4CC728C22ED6D75500CAD0E1 /* VexFoundation */,
			);
			productName = Claveo;
			productReference = 4AA78F9D2ED028BF009BDB04 /* Claveo.app */;
			productType = "com.apple.product-type.application";
		};
		4B1000072FE0AA0000000000 /* ClaveoRecordingActivityWidget */ = {
			isa = PBXNativeTarget;
			buildConfigurationList = 4B1000082FE0AA0000000000 /* Build configuration list for PBXNativeTarget "ClaveoRecordingActivityWidget" */;
			buildPhases = (
				4B1000062FE0AA0000000000 /* Sources */,
				4B1000042FE0AA0000000000 /* Frameworks */,
				4B1000052FE0AA0000000000 /* Resources */,
			);
			buildRules = (
			);
			dependencies = (
			);
			fileSystemSynchronizedGroups = (
				4B1000022FE0AA0000000000 /* ClaveoRecordingActivityWidget */,
			);
			name = ClaveoRecordingActivityWidget;
			packageProductDependencies = (
			);
			productName = ClaveoRecordingActivityWidget;
			productReference = 4B1000012FE0AA0000000000 /* ClaveoRecordingActivityWidget.appex */;
			productType = "com.apple.product-type.app-extension";
		};
		4D2000072FF0000000000000 /* ClaveoTests */ = {
			isa = PBXNativeTarget;
			buildConfigurationList = 4D2000082FF0000000000000 /* Build configuration list for PBXNativeTarget "ClaveoTests" */;
			buildPhases = (
				4D2000062FF0000000000000 /* Sources */,
				4D2000042FF0000000000000 /* Frameworks */,
				4D2000052FF0000000000000 /* Resources */,
			);
			buildRules = (
			);
			dependencies = (
				4D20000B2FF0000000000000 /* PBXTargetDependency */,
			);
			fileSystemSynchronizedGroups = (
				4D2000022FF0000000000000 /* ClaveoTests */,
			);
			name = ClaveoTests;
			packageProductDependencies = (
			);
			productName = ClaveoTests;
			productReference = 4D2000012FF0000000000000 /* ClaveoTests.xctest */;
			productType = "com.apple.product-type.bundle.unit-test";
		};
/* End PBXNativeTarget section */

/* Begin PBXProject section */
		4AA78F952ED028BF009BDB04 /* Project object */ = {
			isa = PBXProject;
			attributes = {
				BuildIndependentTargetsInParallel = 1;
				LastSwiftUpdateCheck = 2610;
				LastUpgradeCheck = 2650;
				TargetAttributes = {
					4AA78F9C2ED028BF009BDB04 = {
						CreatedOnToolsVersion = 26.1.1;
					};
					4B1000072FE0AA0000000000 = {
						CreatedOnToolsVersion = 26.1.1;
					};
					4D2000072FF0000000000000 = {
						CreatedOnToolsVersion = 26.1.1;
						TestTargetID = 4AA78F9C2ED028BF009BDB04;
					};
				};
			};
			buildConfigurationList = 4AA78F982ED028BF009BDB04 /* Build configuration list for PBXProject "Claveo" */;
			developmentRegion = en;
			hasScannedForEncodings = 0;
			knownRegions = (
				en,
				Base,
				es,
			);
			mainGroup = 4AA78F942ED028BF009BDB04;
			minimizedProjectReferenceProxies = 1;
			packageReferences = (
				4AA528B52ED6D75500CAD0E1 /* XCRemoteSwiftPackageReference "Tuna" */,
				4AA528B82ED6D75500CAD0E2 /* XCRemoteSwiftPackageReference "Inject" */,
				4CC728C02ED6D75500CAD0E1 /* XCRemoteSwiftPackageReference "VexFoundation" */,
			);
			preferredProjectObjectVersion = 77;
			productRefGroup = 4AA78F9E2ED028BF009BDB04 /* Products */;
			projectDirPath = "";
			projectRoot = "";
			targets = (
				4AA78F9C2ED028BF009BDB04 /* Claveo */,
				4B1000072FE0AA0000000000 /* ClaveoRecordingActivityWidget */,
				4D2000072FF0000000000000 /* ClaveoTests */,
			);
		};
/* End PBXProject section */

/* Begin PBXResourcesBuildPhase section */
		4AA78F9B2ED028BF009BDB04 /* Resources */ = {
			isa = PBXResourcesBuildPhase;
			buildActionMask = 2147483647;
			files = (
			);
			runOnlyForDeploymentPostprocessing = 0;
		};
		4B1000052FE0AA0000000000 /* Resources */ = {
			isa = PBXResourcesBuildPhase;
			buildActionMask = 2147483647;
			files = (
			);
			runOnlyForDeploymentPostprocessing = 0;
		};
		4D2000052FF0000000000000 /* Resources */ = {
			isa = PBXResourcesBuildPhase;
			buildActionMask = 2147483647;
			files = (
			);
			runOnlyForDeploymentPostprocessing = 0;
		};
/* End PBXResourcesBuildPhase section */

/* Begin PBXSourcesBuildPhase section */
		4AA78F992ED028BF009BDB04 /* Sources */ = {
			isa = PBXSourcesBuildPhase;
			buildActionMask = 2147483647;
			files = (
			);
			runOnlyForDeploymentPostprocessing = 0;
		};
		4B1000062FE0AA0000000000 /* Sources */ = {
			isa = PBXSourcesBuildPhase;
			buildActionMask = 2147483647;
			files = (
			);
			runOnlyForDeploymentPostprocessing = 0;
		};
		4D2000062FF0000000000000 /* Sources */ = {
			isa = PBXSourcesBuildPhase;
			buildActionMask = 2147483647;
			files = (
			);
			runOnlyForDeploymentPostprocessing = 0;
		};
/* End PBXSourcesBuildPhase section */

/* Begin PBXTargetDependency section */
		4B10000D2FE0AA0000000000 /* PBXTargetDependency */ = {
			isa = PBXTargetDependency;
			target = 4B1000072FE0AA0000000000 /* ClaveoRecordingActivityWidget */;
			targetProxy = 4B10000C2FE0AA0000000000 /* PBXContainerItemProxy */;
		};
		4D20000B2FF0000000000000 /* PBXTargetDependency */ = {
			isa = PBXTargetDependency;
			target = 4AA78F9C2ED028BF009BDB04 /* Claveo */;
			targetProxy = 4D20000A2FF0000000000000 /* PBXContainerItemProxy */;
		};
/* End PBXTargetDependency section */

/* Begin XCBuildConfiguration section */
		4AA78FA62ED028C0009BDB04 /* Debug */ = {
			isa = XCBuildConfiguration;
			buildSettings = {
				ALWAYS_SEARCH_USER_PATHS = NO;
				ASSETCATALOG_COMPILER_GENERATE_SWIFT_ASSET_SYMBOL_EXTENSIONS = YES;
				CLANG_ANALYZER_NONNULL = YES;
				CLANG_ANALYZER_NUMBER_OBJECT_CONVERSION = YES_AGGRESSIVE;
				CLANG_CXX_LANGUAGE_STANDARD = "gnu++20";
				CLANG_ENABLE_MODULES = YES;
				CLANG_ENABLE_OBJC_ARC = YES;
				CLANG_ENABLE_OBJC_WEAK = YES;
				CLANG_WARN_BLOCK_CAPTURE_AUTORELEASING = YES;
				CLANG_WARN_BOOL_CONVERSION = YES;
				CLANG_WARN_COMMA = YES;
				CLANG_WARN_CONSTANT_CONVERSION = YES;
				CLANG_WARN_DEPRECATED_OBJC_IMPLEMENTATIONS = YES;
				CLANG_WARN_DIRECT_OBJC_ISA_USAGE = YES_ERROR;
				CLANG_WARN_DOCUMENTATION_COMMENTS = YES;
				CLANG_WARN_EMPTY_BODY = YES;
				CLANG_WARN_ENUM_CONVERSION = YES;
				CLANG_WARN_INFINITE_RECURSION = YES;
				CLANG_WARN_INT_CONVERSION = YES;
				CLANG_WARN_NON_LITERAL_NULL_CONVERSION = YES;
				CLANG_WARN_OBJC_IMPLICIT_RETAIN_SELF = YES;
				CLANG_WARN_OBJC_LITERAL_CONVERSION = YES;
				CLANG_WARN_OBJC_ROOT_CLASS = YES_ERROR;
				CLANG_WARN_QUOTED_INCLUDE_IN_FRAMEWORK_HEADER = YES;
				CLANG_WARN_RANGE_LOOP_ANALYSIS = YES;
				CLANG_WARN_STRICT_PROTOTYPES = YES;
				CLANG_WARN_SUSPICIOUS_MOVE = YES;
				CLANG_WARN_UNGUARDED_AVAILABILITY = YES_AGGRESSIVE;
				CLANG_WARN_UNREACHABLE_CODE = YES;
				CLANG_WARN__DUPLICATE_METHOD_MATCH = YES;
				COPY_PHASE_STRIP = NO;
				DEAD_CODE_STRIPPING = YES;
				DEBUG_INFORMATION_FORMAT = dwarf;
				DEVELOPMENT_TEAM = 737XLL52JV;
				ENABLE_STRICT_OBJC_MSGSEND = YES;
				ENABLE_TESTABILITY = YES;
				ENABLE_USER_SCRIPT_SANDBOXING = YES;
				GCC_C_LANGUAGE_STANDARD = gnu17;
				GCC_DYNAMIC_NO_PIC = NO;
				GCC_NO_COMMON_BLOCKS = YES;
				GCC_OPTIMIZATION_LEVEL = 0;
				GCC_PREPROCESSOR_DEFINITIONS = (
					"DEBUG=1",
					"$(inherited)",
				);
				GCC_WARN_64_TO_32_BIT_CONVERSION = YES;
				GCC_WARN_ABOUT_RETURN_TYPE = YES_ERROR;
				GCC_WARN_UNDECLARED_SELECTOR = YES;
				GCC_WARN_UNINITIALIZED_AUTOS = YES_AGGRESSIVE;
				GCC_WARN_UNUSED_FUNCTION = YES;
				GCC_WARN_UNUSED_VARIABLE = YES;
				LOCALIZATION_PREFERS_STRING_CATALOGS = YES;
				MTL_ENABLE_DEBUG_INFO = INCLUDE_SOURCE;
				MTL_FAST_MATH = YES;
				ONLY_ACTIVE_ARCH = YES;
				"OTHER_LDFLAGS[sdk=iphonesimulator*]" = (
					"-Xlinker",
					"-interposable",
				);
				STRING_CATALOG_GENERATE_SYMBOLS = YES;
				SWIFT_ACTIVE_COMPILATION_CONDITIONS = "DEBUG $(inherited)";
				SWIFT_OPTIMIZATION_LEVEL = "-Onone";
			};
			name = Debug;
		};
		4AA78FA72ED028C0009BDB04 /* Release */ = {
			isa = XCBuildConfiguration;
			buildSettings = {
				ALWAYS_SEARCH_USER_PATHS = NO;
				ASSETCATALOG_COMPILER_GENERATE_SWIFT_ASSET_SYMBOL_EXTENSIONS = YES;
				CLANG_ANALYZER_NONNULL = YES;
				CLANG_ANALYZER_NUMBER_OBJECT_CONVERSION = YES_AGGRESSIVE;
				CLANG_CXX_LANGUAGE_STANDARD = "gnu++20";
				CLANG_ENABLE_MODULES = YES;
				CLANG_ENABLE_OBJC_ARC = YES;
				CLANG_ENABLE_OBJC_WEAK = YES;
				CLANG_WARN_BLOCK_CAPTURE_AUTORELEASING = YES;
				CLANG_WARN_BOOL_CONVERSION = YES;
				CLANG_WARN_COMMA = YES;
				CLANG_WARN_CONSTANT_CONVERSION = YES;
				CLANG_WARN_DEPRECATED_OBJC_IMPLEMENTATIONS = YES;
				CLANG_WARN_DIRECT_OBJC_ISA_USAGE = YES_ERROR;
				CLANG_WARN_DOCUMENTATION_COMMENTS = YES;
				CLANG_WARN_EMPTY_BODY = YES;
				CLANG_WARN_ENUM_CONVERSION = YES;
				CLANG_WARN_INFINITE_RECURSION = YES;
				CLANG_WARN_INT_CONVERSION = YES;
				CLANG_WARN_NON_LITERAL_NULL_CONVERSION = YES;
				CLANG_WARN_OBJC_IMPLICIT_RETAIN_SELF = YES;
				CLANG_WARN_OBJC_LITERAL_CONVERSION = YES;
				CLANG_WARN_OBJC_ROOT_CLASS = YES_ERROR;
				CLANG_WARN_QUOTED_INCLUDE_IN_FRAMEWORK_HEADER = YES;
				CLANG_WARN_RANGE_LOOP_ANALYSIS = YES;
				CLANG_WARN_STRICT_PROTOTYPES = YES;
				CLANG_WARN_SUSPICIOUS_MOVE = YES;
				CLANG_WARN_UNGUARDED_AVAILABILITY = YES_AGGRESSIVE;
				CLANG_WARN_UNREACHABLE_CODE = YES;
				CLANG_WARN__DUPLICATE_METHOD_MATCH = YES;
				COPY_PHASE_STRIP = NO;
				DEAD_CODE_STRIPPING = YES;
				DEBUG_INFORMATION_FORMAT = "dwarf-with-dsym";
				DEVELOPMENT_TEAM = 737XLL52JV;
				ENABLE_NS_ASSERTIONS = NO;
				ENABLE_STRICT_OBJC_MSGSEND = YES;
				ENABLE_USER_SCRIPT_SANDBOXING = YES;
				GCC_C_LANGUAGE_STANDARD = gnu17;
				GCC_NO_COMMON_BLOCKS = YES;
				GCC_WARN_64_TO_32_BIT_CONVERSION = YES;
				GCC_WARN_ABOUT_RETURN_TYPE = YES_ERROR;
				GCC_WARN_UNDECLARED_SELECTOR = YES;
				GCC_WARN_UNINITIALIZED_AUTOS = YES_AGGRESSIVE;
				GCC_WARN_UNUSED_FUNCTION = YES;
				GCC_WARN_UNUSED_VARIABLE = YES;
				LOCALIZATION_PREFERS_STRING_CATALOGS = YES;
				MTL_ENABLE_DEBUG_INFO = NO;
				MTL_FAST_MATH = YES;
				STRING_CATALOG_GENERATE_SYMBOLS = YES;
				SWIFT_COMPILATION_MODE = wholemodule;
			};
			name = Release;
		};
		4AA78FA92ED028C0009BDB04 /* Debug */ = {
			isa = XCBuildConfiguration;
			buildSettings = {
				ASSETCATALOG_COMPILER_APPICON_NAME = Claveo;
				ASSETCATALOG_COMPILER_GLOBAL_ACCENT_COLOR_NAME = AccentColor;
				CODE_SIGN_ALLOW_ENTITLEMENTS_MODIFICATION = YES;
				CODE_SIGN_ENTITLEMENTS = Claveo/Claveo.entitlements;
				CODE_SIGN_STYLE = Automatic;
				CURRENT_PROJECT_VERSION = 2;
				DEAD_CODE_STRIPPING = YES;
				DEVELOPMENT_TEAM = 737XLL52JV;
				ENABLE_APP_SANDBOX = YES;
				ENABLE_HARDENED_RUNTIME = YES;
				ENABLE_PREVIEWS = YES;
				ENABLE_USER_SELECTED_FILES = readonly;
				GENERATE_INFOPLIST_FILE = YES;
				INFOPLIST_FILE = Claveo/Info.plist;
				INFOPLIST_KEY_CFBundleDisplayName = Claveo;
				INFOPLIST_KEY_CFBundleShortVersionString = "$(MARKETING_VERSION)";
				INFOPLIST_KEY_CFBundleVersion = "$(CURRENT_PROJECT_VERSION)";
				INFOPLIST_KEY_LSApplicationCategoryType = "public.app-category.music";
				INFOPLIST_KEY_LSSupportsOpeningDocumentsInPlace = YES;
				INFOPLIST_KEY_NSCameraUsageDescription = "Claveo does not access your camera. This permission may be referenced by audio processing libraries but is not used by the app.";
				INFOPLIST_KEY_NSMicrophoneUsageDescription = "Claveo needs access to your microphone to record practice sessions and detect pitch for tuning.";
				INFOPLIST_KEY_NSSupportsLiveActivities = YES;
				"INFOPLIST_KEY_UIApplicationSceneManifest_Generation[sdk=iphoneos*]" = YES;
				"INFOPLIST_KEY_UIApplicationSceneManifest_Generation[sdk=iphonesimulator*]" = YES;
				"INFOPLIST_KEY_UIApplicationSupportsIndirectInputEvents[sdk=iphoneos*]" = YES;
				"INFOPLIST_KEY_UIApplicationSupportsIndirectInputEvents[sdk=iphonesimulator*]" = YES;
				INFOPLIST_KEY_UIFileSharingEnabled = YES;
				"INFOPLIST_KEY_UILaunchScreen_Generation[sdk=iphoneos*]" = YES;
				"INFOPLIST_KEY_UILaunchScreen_Generation[sdk=iphonesimulator*]" = YES;
				"INFOPLIST_KEY_UIStatusBarStyle[sdk=iphoneos*]" = UIStatusBarStyleDefault;
				"INFOPLIST_KEY_UIStatusBarStyle[sdk=iphonesimulator*]" = UIStatusBarStyleDefault;
				INFOPLIST_KEY_UISupportedInterfaceOrientations = UIInterfaceOrientationPortrait;
				INFOPLIST_KEY_UISupportedInterfaceOrientations_iPad = "UIInterfaceOrientationLandscapeLeft UIInterfaceOrientationLandscapeRight UIInterfaceOrientationPortrait UIInterfaceOrientationPortraitUpsideDown";
				INFOPLIST_KEY_UISupportsDocumentBrowser = YES;
				IPHONEOS_DEPLOYMENT_TARGET = 17.6;
				LD_RUNPATH_SEARCH_PATHS = "@executable_path/Frameworks";
				"LD_RUNPATH_SEARCH_PATHS[sdk=macosx*]" = "@executable_path/../Frameworks";
				MACOSX_DEPLOYMENT_TARGET = 15.0;
				MARKETING_VERSION = 2.3.2;
				PRODUCT_BUNDLE_IDENTIFIER = com.olivertran.Claveo;
				PRODUCT_NAME = "$(TARGET_NAME)";
				REGISTER_APP_GROUPS = YES;
				SDKROOT = auto;
				STRING_CATALOG_GENERATE_SYMBOLS = YES;
				SUPPORTED_PLATFORMS = "iphoneos iphonesimulator";
				SUPPORTS_MACCATALYST = NO;
				SWIFT_APPROACHABLE_CONCURRENCY = YES;
				SWIFT_DEFAULT_ACTOR_ISOLATION = MainActor;
				SWIFT_EMIT_LOC_STRINGS = YES;
				SWIFT_UPCOMING_FEATURE_MEMBER_IMPORT_VISIBILITY = YES;
				SWIFT_VERSION = 5.0;
				TARGETED_DEVICE_FAMILY = "1,2";
				XROS_DEPLOYMENT_TARGET = 26.1;
			};
			name = Debug;
		};
		4AA78FAA2ED028C0009BDB04 /* Release */ = {
			isa = XCBuildConfiguration;
			buildSettings = {
				ASSETCATALOG_COMPILER_APPICON_NAME = Claveo;
				ASSETCATALOG_COMPILER_GLOBAL_ACCENT_COLOR_NAME = AccentColor;
				CODE_SIGN_ALLOW_ENTITLEMENTS_MODIFICATION = YES;
				CODE_SIGN_ENTITLEMENTS = Claveo/Claveo.entitlements;
				CODE_SIGN_STYLE = Automatic;
				CURRENT_PROJECT_VERSION = 2;
				DEAD_CODE_STRIPPING = YES;
				DEVELOPMENT_TEAM = 737XLL52JV;
				ENABLE_APP_SANDBOX = YES;
				ENABLE_HARDENED_RUNTIME = YES;
				ENABLE_PREVIEWS = YES;
				ENABLE_USER_SELECTED_FILES = readonly;
				GENERATE_INFOPLIST_FILE = YES;
				INFOPLIST_FILE = Claveo/Info.plist;
				INFOPLIST_KEY_CFBundleDisplayName = Claveo;
				INFOPLIST_KEY_CFBundleShortVersionString = "$(MARKETING_VERSION)";
				INFOPLIST_KEY_CFBundleVersion = "$(CURRENT_PROJECT_VERSION)";
				INFOPLIST_KEY_LSApplicationCategoryType = "public.app-category.music";
				INFOPLIST_KEY_LSSupportsOpeningDocumentsInPlace = YES;
				INFOPLIST_KEY_NSCameraUsageDescription = "Claveo does not access your camera. This permission may be referenced by audio processing libraries but is not used by the app.";
				INFOPLIST_KEY_NSMicrophoneUsageDescription = "Claveo needs access to your microphone to record practice sessions and detect pitch for tuning.";
				INFOPLIST_KEY_NSSupportsLiveActivities = YES;
				"INFOPLIST_KEY_UIApplicationSceneManifest_Generation[sdk=iphoneos*]" = YES;
				"INFOPLIST_KEY_UIApplicationSceneManifest_Generation[sdk=iphonesimulator*]" = YES;
				"INFOPLIST_KEY_UIApplicationSupportsIndirectInputEvents[sdk=iphoneos*]" = YES;
				"INFOPLIST_KEY_UIApplicationSupportsIndirectInputEvents[sdk=iphonesimulator*]" = YES;
				INFOPLIST_KEY_UIFileSharingEnabled = YES;
				"INFOPLIST_KEY_UILaunchScreen_Generation[sdk=iphoneos*]" = YES;
				"INFOPLIST_KEY_UILaunchScreen_Generation[sdk=iphonesimulator*]" = YES;
				"INFOPLIST_KEY_UIStatusBarStyle[sdk=iphoneos*]" = UIStatusBarStyleDefault;
				"INFOPLIST_KEY_UIStatusBarStyle[sdk=iphonesimulator*]" = UIStatusBarStyleDefault;
				INFOPLIST_KEY_UISupportedInterfaceOrientations = UIInterfaceOrientationPortrait;
				INFOPLIST_KEY_UISupportedInterfaceOrientations_iPad = "UIInterfaceOrientationLandscapeLeft UIInterfaceOrientationLandscapeRight UIInterfaceOrientationPortrait UIInterfaceOrientationPortraitUpsideDown";
				INFOPLIST_KEY_UISupportsDocumentBrowser = YES;
				IPHONEOS_DEPLOYMENT_TARGET = 17.6;
				LD_RUNPATH_SEARCH_PATHS = "@executable_path/Frameworks";
				"LD_RUNPATH_SEARCH_PATHS[sdk=macosx*]" = "@executable_path/../Frameworks";
				MACOSX_DEPLOYMENT_TARGET = 15.0;
				MARKETING_VERSION = 2.3.2;
				PRODUCT_BUNDLE_IDENTIFIER = com.olivertran.Claveo;
				PRODUCT_NAME = "$(TARGET_NAME)";
				REGISTER_APP_GROUPS = YES;
				SDKROOT = auto;
				STRING_CATALOG_GENERATE_SYMBOLS = YES;
				SUPPORTED_PLATFORMS = "iphoneos iphonesimulator";
				SUPPORTS_MACCATALYST = NO;
				SWIFT_APPROACHABLE_CONCURRENCY = YES;
				SWIFT_DEFAULT_ACTOR_ISOLATION = MainActor;
				SWIFT_EMIT_LOC_STRINGS = YES;
				SWIFT_UPCOMING_FEATURE_MEMBER_IMPORT_VISIBILITY = YES;
				SWIFT_VERSION = 5.0;
				TARGETED_DEVICE_FAMILY = "1,2";
				XROS_DEPLOYMENT_TARGET = 26.1;
			};
			name = Release;
		};
		4B1000092FE0AA0000000000 /* Debug */ = {
			isa = XCBuildConfiguration;
			buildSettings = {
				APPLICATION_EXTENSION_API_ONLY = YES;
				CODE_SIGN_STYLE = Automatic;
				CURRENT_PROJECT_VERSION = 2;
				DEVELOPMENT_TEAM = 737XLL52JV;
				GENERATE_INFOPLIST_FILE = YES;
				INFOPLIST_FILE = "ClaveoRecordingActivityWidget-Info.plist";
				INFOPLIST_KEY_CFBundleDisplayName = "Recording Activity";
				INFOPLIST_KEY_CFBundleShortVersionString = "$(MARKETING_VERSION)";
				INFOPLIST_KEY_CFBundleVersion = "$(CURRENT_PROJECT_VERSION)";
				IPHONEOS_DEPLOYMENT_TARGET = 17.6;
				LD_RUNPATH_SEARCH_PATHS = (
					"$(inherited)",
					"@executable_path/Frameworks",
					"@executable_path/../../Frameworks",
				);
				MARKETING_VERSION = 2.3.2;
				PRODUCT_BUNDLE_IDENTIFIER = com.olivertran.Claveo.RecordingActivityWidget;
				PRODUCT_NAME = "$(TARGET_NAME)";
				SDKROOT = auto;
				SKIP_INSTALL = YES;
				SUPPORTED_PLATFORMS = "iphoneos iphonesimulator";
				SWIFT_APPROACHABLE_CONCURRENCY = YES;
				SWIFT_DEFAULT_ACTOR_ISOLATION = MainActor;
				SWIFT_EMIT_LOC_STRINGS = YES;
				SWIFT_UPCOMING_FEATURE_MEMBER_IMPORT_VISIBILITY = YES;
				SWIFT_VERSION = 5.0;
				TARGETED_DEVICE_FAMILY = "1,2";
			};
			name = Debug;
		};
		4B10000A2FE0AA0000000000 /* Release */ = {
			isa = XCBuildConfiguration;
			buildSettings = {
				APPLICATION_EXTENSION_API_ONLY = YES;
				CODE_SIGN_STYLE = Automatic;
				CURRENT_PROJECT_VERSION = 2;
				DEVELOPMENT_TEAM = 737XLL52JV;
				GENERATE_INFOPLIST_FILE = YES;
				INFOPLIST_FILE = "ClaveoRecordingActivityWidget-Info.plist";
				INFOPLIST_KEY_CFBundleDisplayName = "Recording Activity";
				INFOPLIST_KEY_CFBundleShortVersionString = "$(MARKETING_VERSION)";
				INFOPLIST_KEY_CFBundleVersion = "$(CURRENT_PROJECT_VERSION)";
				IPHONEOS_DEPLOYMENT_TARGET = 17.6;
				LD_RUNPATH_SEARCH_PATHS = (
					"$(inherited)",
					"@executable_path/Frameworks",
					"@executable_path/../../Frameworks",
				);
				MARKETING_VERSION = 2.3.2;
				PRODUCT_BUNDLE_IDENTIFIER = com.olivertran.Claveo.RecordingActivityWidget;
				PRODUCT_NAME = "$(TARGET_NAME)";
				SDKROOT = auto;
				SKIP_INSTALL = YES;
				SUPPORTED_PLATFORMS = "iphoneos iphonesimulator";
				SWIFT_APPROACHABLE_CONCURRENCY = YES;
				SWIFT_DEFAULT_ACTOR_ISOLATION = MainActor;
				SWIFT_EMIT_LOC_STRINGS = YES;
				SWIFT_UPCOMING_FEATURE_MEMBER_IMPORT_VISIBILITY = YES;
				SWIFT_VERSION = 5.0;
				TARGETED_DEVICE_FAMILY = "1,2";
			};
			name = Release;
		};
		4D2000092FF0000000000000 /* Debug */ = {
			isa = XCBuildConfiguration;
			buildSettings = {
				BUNDLE_LOADER = "$(TEST_HOST)";
				CODE_SIGN_STYLE = Automatic;
				DEVELOPMENT_TEAM = 737XLL52JV;
				GENERATE_INFOPLIST_FILE = YES;
				IPHONEOS_DEPLOYMENT_TARGET = 17.6;
				PRODUCT_BUNDLE_IDENTIFIER = com.olivertran.ClaveoTests;
				PRODUCT_NAME = "$(TARGET_NAME)";
				SDKROOT = auto;
				SUPPORTED_PLATFORMS = "iphoneos iphonesimulator";
				SWIFT_APPROACHABLE_CONCURRENCY = YES;
				SWIFT_DEFAULT_ACTOR_ISOLATION = MainActor;
				SWIFT_VERSION = 5.0;
				TARGETED_DEVICE_FAMILY = "1,2";
				TEST_HOST = "$(BUILT_PRODUCTS_DIR)/Claveo.app/$(BUNDLE_EXECUTABLE_FOLDER_PATH)/Claveo";
			};
			name = Debug;
		};
		4D20000C2FF0000000000000 /* Release */ = {
			isa = XCBuildConfiguration;
			buildSettings = {
				BUNDLE_LOADER = "$(TEST_HOST)";
				CODE_SIGN_STYLE = Automatic;
				DEVELOPMENT_TEAM = 737XLL52JV;
				GENERATE_INFOPLIST_FILE = YES;
				IPHONEOS_DEPLOYMENT_TARGET = 17.6;
				PRODUCT_BUNDLE_IDENTIFIER = com.olivertran.ClaveoTests;
				PRODUCT_NAME = "$(TARGET_NAME)";
				SDKROOT = auto;
				SUPPORTED_PLATFORMS = "iphoneos iphonesimulator";
				SWIFT_APPROACHABLE_CONCURRENCY = YES;
				SWIFT_DEFAULT_ACTOR_ISOLATION = MainActor;
				SWIFT_VERSION = 5.0;
				TARGETED_DEVICE_FAMILY = "1,2";
				TEST_HOST = "$(BUILT_PRODUCTS_DIR)/Claveo.app/$(BUNDLE_EXECUTABLE_FOLDER_PATH)/Claveo";
			};
			name = Release;
		};
/* End XCBuildConfiguration section */

/* Begin XCConfigurationList section */
		4AA78F982ED028BF009BDB04 /* Build configuration list for PBXProject "Claveo" */ = {
			isa = XCConfigurationList;
			buildConfigurations = (
				4AA78FA62ED028C0009BDB04 /* Debug */,
				4AA78FA72ED028C0009BDB04 /* Release */,
			);
			defaultConfigurationIsVisible = 0;
			defaultConfigurationName = Release;
		};
		4AA78FA82ED028C0009BDB04 /* Build configuration list for PBXNativeTarget "Claveo" */ = {
			isa = XCConfigurationList;
			buildConfigurations = (
				4AA78FA92ED028C0009BDB04 /* Debug */,
				4AA78FAA2ED028C0009BDB04 /* Release */,
			);
			defaultConfigurationIsVisible = 0;
			defaultConfigurationName = Release;
		};
		4B1000082FE0AA0000000000 /* Build configuration list for PBXNativeTarget "ClaveoRecordingActivityWidget" */ = {
			isa = XCConfigurationList;
			buildConfigurations = (
				4B1000092FE0AA0000000000 /* Debug */,
				4B10000A2FE0AA0000000000 /* Release */,
			);
			defaultConfigurationIsVisible = 0;
			defaultConfigurationName = Release;
		};
		4D2000082FF0000000000000 /* Build configuration list for PBXNativeTarget "ClaveoTests" */ = {
			isa = XCConfigurationList;
			buildConfigurations = (
				4D2000092FF0000000000000 /* Debug */,
				4D20000C2FF0000000000000 /* Release */,
			);
			defaultConfigurationIsVisible = 0;
			defaultConfigurationName = Release;
		};
/* End XCConfigurationList section */

/* Begin XCRemoteSwiftPackageReference section */
		4AA528B52ED6D75500CAD0E1 /* XCRemoteSwiftPackageReference "Tuna" */ = {
			isa = XCRemoteSwiftPackageReference;
			repositoryURL = "https://github.com/alladinian/Tuna";
			requirement = {
				kind = upToNextMajorVersion;
				minimumVersion = 0.9.1;
			};
		};
		4AA528B82ED6D75500CAD0E2 /* XCRemoteSwiftPackageReference "Inject" */ = {
			isa = XCRemoteSwiftPackageReference;
			repositoryURL = "https://github.com/krzysztofzablocki/Inject.git";
			requirement = {
				kind = upToNextMajorVersion;
				minimumVersion = 1.2.4;
			};
		};
		4CC728C02ED6D75500CAD0E1 /* XCRemoteSwiftPackageReference "VexFoundation" */ = {
			isa = XCRemoteSwiftPackageReference;
			repositoryURL = "https://github.com/migueldeicaza/VexFoundation.git";
			requirement = {
				branch = main;
				kind = branch;
			};
		};
/* End XCRemoteSwiftPackageReference section */

/* Begin XCSwiftPackageProductDependency section */
		4AA528B62ED6D75500CAD0E1 /* Tuna */ = {
			isa = XCSwiftPackageProductDependency;
			package = 4AA528B52ED6D75500CAD0E1 /* XCRemoteSwiftPackageReference "Tuna" */;
			productName = Tuna;
		};
		4AA528B92ED6D75500CAD0E2 /* Inject */ = {
			isa = XCSwiftPackageProductDependency;
			package = 4AA528B82ED6D75500CAD0E2 /* XCRemoteSwiftPackageReference "Inject" */;
			productName = Inject;
		};
		4CC728C22ED6D75500CAD0E1 /* VexFoundation */ = {
			isa = XCSwiftPackageProductDependency;
			package = 4CC728C02ED6D75500CAD0E1 /* XCRemoteSwiftPackageReference "VexFoundation" */;
			productName = VexFoundation;
		};
/* End XCSwiftPackageProductDependency section */
	};
	rootObject = 4AA78F952ED028BF009BDB04 /* Project object */;
}
