{
  "originHash" : "26139fffd185b2414ea4c864e631a76a479ce30223a0ecfff32c4a79c120c9a9",
  "pins" : [
    {
      "identity" : "inject",
      "kind" : "remoteSourceControl",
      "location" : "https://github.com/krzysztofzablocki/Inject.git",
      "state" : {
        "revision" : "728c56639ecb3df441d51d5bc6747329afabcfc9",
        "version" : "1.5.2"
      }
    },
    {
      "identity" : "tuna",
      "kind" : "remoteSourceControl",
      "location" : "https://github.com/alladinian/Tuna",
      "state" : {
        "revision" : "cfcfaf9e6e0d605b242c91f1b3decc9486c1b173",
        "version" : "0.9.1"
      }
    },
    {
      "identity" : "vexfoundation",
      "kind" : "remoteSourceControl",
      "location" : "https://github.com/migueldeicaza/VexFoundation.git",
      "state" : {
        "branch" : "main",
        "revision" : "b7f260aa95a0da212c9973f06ea01011acc31d0a"
      }
    }
  ],
  "version" : 3
}
